
Microsoft Visual Studio Solution File, Format Version 12.00
# Visual Studio Version 17
VisualStudioVersion = 17.7.34221.43
MinimumVisualStudioVersion = 10.0.40219.1
Project("{9A19103F-16F7-4668-BE54-9A1E7A4F7556}") = "WebApi", "WebApi\WebApi.csproj", "{7F236404-FEA4-4DC1-AAD5-D183091601E9}"
EndProject
Project("{2150E333-8FDC-42A3-9474-1A3956D46DE8}") = "TheatherLibs", "TheatherLibs", "{75EB67ED-CF4C-45B9-A8D1-13EAB2AAE419}"
EndProject
Project("{9A19103F-16F7-4668-BE54-9A1E7A4F7556}") = "DataInfraTheather", "data\DataInfraTheather.csproj", "{C0C0CCE4-5B21-4174-A833-C799D55238D3}"
EndProject
Project("{9A19103F-16F7-4668-BE54-9A1E7A4F7556}") = "Blazor.UI", "Blazor.UI\Blazor.UI.csproj", "{23C53B01-8727-4D6A-917D-4B110457DC47}"
EndProject
Project("{2150E333-8FDC-42A3-9474-1A3956D46DE8}") = "Éléments de solution", "Éléments de solution", "{9E4C36FC-4AB3-4B8F-BB74-D5C91F159A85}"
	ProjectSection(SolutionItems) = preProject
		README.md = README.md
	EndProjectSection
EndProject
Project("{9A19103F-16F7-4668-BE54-9A1E7A4F7556}") = "Domain", "Domain\Domain.csproj", "{EF652525-82B2-4ED6-A8A2-7AA8EE00FD19}"
EndProject
Project("{2150E333-8FDC-42A3-9474-1A3956D46DE8}") = "Backlib", "Backlib", "{F8E14D53-897E-49B5-92B6-3E0D5BABDBEE}"
EndProject
Project("{9A19103F-16F7-4668-BE54-9A1E7A4F7556}") = "ApplicationTheather", "ApplicationTheather\ApplicationTheather.csproj", "{CF94A4D7-0239-4A8E-824C-A6E28E45881F}"
EndProject
Global
	GlobalSection(SolutionConfigurationPlatforms) = preSolution
		Debug|Any CPU = Debug|Any CPU
		Release|Any CPU = Release|Any CPU
	EndGlobalSection
	GlobalSection(ProjectConfigurationPlatforms) = postSolution
		{7F236404-FEA4-4DC1-AAD5-D183091601E9}.Debug|Any CPU.ActiveCfg = Debug|Any CPU
		{7F236404-FEA4-4DC1-AAD5-D183091601E9}.Debug|Any CPU.Build.0 = Debug|Any CPU
		{7F236404-FEA4-4DC1-AAD5-D183091601E9}.Release|Any CPU.ActiveCfg = Release|Any CPU
		{7F236404-FEA4-4DC1-AAD5-D183091601E9}.Release|Any CPU.Build.0 = Release|Any CPU
		{C0C0CCE4-5B21-4174-A833-C799D55238D3}.Debug|Any CPU.ActiveCfg = Debug|Any CPU
		{C0C0CCE4-5B21-4174-A833-C799D55238D3}.Debug|Any CPU.Build.0 = Debug|Any CPU
		{C0C0CCE4-5B21-4174-A833-C799D55238D3}.Release|Any CPU.ActiveCfg = Release|Any CPU
		{C0C0CCE4-5B21-4174-A833-C799D55238D3}.Release|Any CPU.Build.0 = Release|Any CPU
		{23C53B01-8727-4D6A-917D-4B110457DC47}.Debug|Any CPU.ActiveCfg = Debug|Any CPU
		{23C53B01-8727-4D6A-917D-4B110457DC47}.Debug|Any CPU.Build.0 = Debug|Any CPU
		{23C53B01-8727-4D6A-917D-4B110457DC47}.Release|Any CPU.ActiveCfg = Release|Any CPU
		{23C53B01-8727-4D6A-917D-4B110457DC47}.Release|Any CPU.Build.0 = Release|Any CPU
		{EF652525-82B2-4ED6-A8A2-7AA8EE00FD19}.Debug|Any CPU.ActiveCfg = Debug|Any CPU
		{EF652525-82B2-4ED6-A8A2-7AA8EE00FD19}.Debug|Any CPU.Build.0 = Debug|Any CPU
		{EF652525-82B2-4ED6-A8A2-7AA8EE00FD19}.Release|Any CPU.ActiveCfg = Release|Any CPU
		{EF652525-82B2-4ED6-A8A2-7AA8EE00FD19}.Release|Any CPU.Build.0 = Release|Any CPU
		{CF94A4D7-0239-4A8E-824C-A6E28E45881F}.Debug|Any CPU.ActiveCfg = Debug|Any CPU
		{CF94A4D7-0239-4A8E-824C-A6E28E45881F}.Debug|Any CPU.Build.0 = Debug|Any CPU
		{CF94A4D7-0239-4A8E-824C-A6E28E45881F}.Release|Any CPU.ActiveCfg = Release|Any CPU
		{CF94A4D7-0239-4A8E-824C-A6E28E45881F}.Release|Any CPU.Build.0 = Release|Any CPU
	EndGlobalSection
	GlobalSection(SolutionProperties) = preSolution
		HideSolutionNode = FALSE
	EndGlobalSection
	GlobalSection(NestedProjects) = preSolution
		{75EB67ED-CF4C-45B9-A8D1-13EAB2AAE419} = {F8E14D53-897E-49B5-92B6-3E0D5BABDBEE}
		{C0C0CCE4-5B21-4174-A833-C799D55238D3} = {75EB67ED-CF4C-45B9-A8D1-13EAB2AAE419}
		{EF652525-82B2-4ED6-A8A2-7AA8EE00FD19} = {75EB67ED-CF4C-45B9-A8D1-13EAB2AAE419}
		{CF94A4D7-0239-4A8E-824C-A6E28E45881F} = {75EB67ED-CF4C-45B9-A8D1-13EAB2AAE419}
	EndGlobalSection
	GlobalSection(ExtensibilityGlobals) = postSolution
		SolutionGuid = {569B0FC2-3509-41B9-B4E9-E0AE849AACAA}
	EndGlobalSection
EndGlobal
