
Microsoft Visual Studio Solution File, Format Version 12.00
# Visual Studio Version 17
VisualStudioVersion = 17.7.34221.43
MinimumVisualStudioVersion = 10.0.40219.1
Project("{9A19103F-16F7-4668-BE54-9A1E7A4F7556}") = "ProjecIntegration.Api", "ProjecIntegration.Api\ProjecIntegration.Api.csproj", "{BBC944C8-86DE-4DE3-8265-3EF5981D594A}"
EndProject
Project("{9A19103F-16F7-4668-BE54-9A1E7A4F7556}") = "Data", "Data\Data.csproj", "{F00242B8-9BD5-4420-A863-72833E78C47A}"
EndProject
Project("{9A19103F-16F7-4668-BE54-9A1E7A4F7556}") = "Domain", "ErrorLib\Domain.csproj", "{71E35E58-A145-4362-A0F7-68A293BE932D}"
EndProject
Global
	GlobalSection(SolutionConfigurationPlatforms) = preSolution
		Debug|Any CPU = Debug|Any CPU
		Release|Any CPU = Release|Any CPU
	EndGlobalSection
	GlobalSection(ProjectConfigurationPlatforms) = postSolution
		{BBC944C8-86DE-4DE3-8265-3EF5981D594A}.Debug|Any CPU.ActiveCfg = Debug|Any CPU
		{BBC944C8-86DE-4DE3-8265-3EF5981D594A}.Debug|Any CPU.Build.0 = Debug|Any CPU
		{BBC944C8-86DE-4DE3-8265-3EF5981D594A}.Release|Any CPU.ActiveCfg = Release|Any CPU
		{BBC944C8-86DE-4DE3-8265-3EF5981D594A}.Release|Any CPU.Build.0 = Release|Any CPU
		{F00242B8-9BD5-4420-A863-72833E78C47A}.Debug|Any CPU.ActiveCfg = Debug|Any CPU
		{F00242B8-9BD5-4420-A863-72833E78C47A}.Debug|Any CPU.Build.0 = Debug|Any CPU
		{F00242B8-9BD5-4420-A863-72833E78C47A}.Release|Any CPU.ActiveCfg = Release|Any CPU
		{F00242B8-9BD5-4420-A863-72833E78C47A}.Release|Any CPU.Build.0 = Release|Any CPU
		{71E35E58-A145-4362-A0F7-68A293BE932D}.Debug|Any CPU.ActiveCfg = Debug|Any CPU
		{71E35E58-A145-4362-A0F7-68A293BE932D}.Debug|Any CPU.Build.0 = Debug|Any CPU
		{71E35E58-A145-4362-A0F7-68A293BE932D}.Release|Any CPU.ActiveCfg = Release|Any CPU
		{71E35E58-A145-4362-A0F7-68A293BE932D}.Release|Any CPU.Build.0 = Release|Any CPU
	EndGlobalSection
	GlobalSection(SolutionProperties) = preSolution
		HideSolutionNode = FALSE
	EndGlobalSection
	GlobalSection(ExtensibilityGlobals) = postSolution
		SolutionGuid = {569B0FC2-3509-41B9-B4E9-E0AE849AACAA}
	EndGlobalSection
EndGlobal
