
Microsoft Visual Studio Solution File, Format Version 12.00
# Visual Studio Version 17
VisualStudioVersion = 17.7.34221.43
MinimumVisualStudioVersion = 10.0.40219.1
Project("{9A19103F-16F7-4668-BE54-9A1E7A4F7556}") = "WebApi", "WebApi\WebApi.csproj", "{7F236404-FEA4-4DC1-AAD5-D183091601E9}"
EndProject
Project("{2150E333-8FDC-42A3-9474-1A3956D46DE8}") = "TheatherLibs", "TheatherLibs", "{75EB67ED-CF4C-45B9-A8D1-13EAB2AAE419}"
EndProject
Project("{9A19103F-16F7-4668-BE54-9A1E7A4F7556}") = "DataInfraTheather", "data\DataInfraTheather.csproj", "{C0C0CCE4-5B21-4174-A833-C799D55238D3}"
EndProject
Project("{9A19103F-16F7-4668-BE54-9A1E7A4F7556}") = "Blazor.UI", "Blazor.UI\Blazor.UI.csproj", "{23C53B01-8727-4D6A-917D-4B110457DC47}"
EndProject
Project("{2150E333-8FDC-42A3-9474-1A3956D46DE8}") = "Éléments de solution", "Éléments de solution", "{9E4C36FC-4AB3-4B8F-BB74-D5C91F159A85}"
	ProjectSection(SolutionItems) = preProject
		README.md = README.md
	EndProjectSection
EndProject
Project("{2150E333-8FDC-42A3-9474-1A3956D46DE8}") = "AnnonceLibs", "AnnonceLibs", "{BB6B4FC2-D387-49F1-BA01-EE3F6466B835}"
EndProject
Project("{2150E333-8FDC-42A3-9474-1A3956D46DE8}") = "publicationlibs", "publicationlibs", "{11787939-07CF-4A67-A742-99C5237D5B7F}"
EndProject
Project("{9A19103F-16F7-4668-BE54-9A1E7A4F7556}") = "Domain", "Domain\Domain.csproj", "{EF652525-82B2-4ED6-A8A2-7AA8EE00FD19}"
EndProject
Project("{9A19103F-16F7-4668-BE54-9A1E7A4F7556}") = "ApplicationAnnonce", "Application\ApplicationAnnonce.csproj", "{D7A604A4-B0C3-446D-B585-07BFE3293BE1}"
EndProject
Project("{9A19103F-16F7-4668-BE54-9A1E7A4F7556}") = "InfrastructureAnnonce", "Infrastructure\InfrastructureAnnonce.csproj", "{EA9148B7-2A03-4481-8168-99FFCD44528D}"
EndProject
Project("{9A19103F-16F7-4668-BE54-9A1E7A4F7556}") = "ApplicationPublication", "ApplciationPublication\ApplicationPublication.csproj", "{168EB1C2-4A3F-4A19-910F-A96F40D2FD42}"
EndProject
Project("{9A19103F-16F7-4668-BE54-9A1E7A4F7556}") = "InfraPublication", "InfraPublication\InfraPublication.csproj", "{B47054D4-A965-4EC7-8F10-4104677A159F}"
EndProject
Project("{2150E333-8FDC-42A3-9474-1A3956D46DE8}") = "Backlib", "Backlib", "{F8E14D53-897E-49B5-92B6-3E0D5BABDBEE}"
EndProject
Project("{9A19103F-16F7-4668-BE54-9A1E7A4F7556}") = "ApplicationTheather", "ApplicationTheather\ApplicationTheather.csproj", "{CF94A4D7-0239-4A8E-824C-A6E28E45881F}"
EndProject
Project("{2150E333-8FDC-42A3-9474-1A3956D46DE8}") = "UserLibs", "UserLibs", "{D91C7711-C96B-4B63-9481-F2B03B9D0A8A}"
EndProject
Project("{2150E333-8FDC-42A3-9474-1A3956D46DE8}") = "ChatLibs", "ChatLibs", "{47143A1C-B55E-4E3A-8279-34D64D68E5EA}"
EndProject
Project("{FAE04EC0-301F-11D3-BF4B-00C04F79EFBC}") = "ApplicationUser", "ApplicationUser\ApplicationUser.csproj", "{3FA87A0B-02F9-44CC-A159-D8B182D8E320}"
EndProject
Project("{FAE04EC0-301F-11D3-BF4B-00C04F79EFBC}") = "InfrastructureUser", "InfrastructureUser\InfrastructureUser.csproj", "{A2769E48-89EF-4943-9789-05DC126DF7FD}"
EndProject
Project("{FAE04EC0-301F-11D3-BF4B-00C04F79EFBC}") = "ApplicationChat", "ApplicationChat\ApplicationChat.csproj", "{AA945B6A-5BCB-46A9-B9CD-2B4C1A912BD7}"
EndProject
Project("{FAE04EC0-301F-11D3-BF4B-00C04F79EFBC}") = "InfrastructureChat", "InfrastructureChat\InfrastructureChat.csproj", "{F1C19DEA-AF0A-4118-97E4-D911A7A475D2}"
EndProject
Global
	GlobalSection(SolutionConfigurationPlatforms) = preSolution
		Debug|Any CPU = Debug|Any CPU
		Release|Any CPU = Release|Any CPU
	EndGlobalSection
	GlobalSection(ProjectConfigurationPlatforms) = postSolution
		{7F236404-FEA4-4DC1-AAD5-D183091601E9}.Debug|Any CPU.ActiveCfg = Debug|Any CPU
		{7F236404-FEA4-4DC1-AAD5-D183091601E9}.Debug|Any CPU.Build.0 = Debug|Any CPU
		{7F236404-FEA4-4DC1-AAD5-D183091601E9}.Release|Any CPU.ActiveCfg = Release|Any CPU
		{7F236404-FEA4-4DC1-AAD5-D183091601E9}.Release|Any CPU.Build.0 = Release|Any CPU
		{C0C0CCE4-5B21-4174-A833-C799D55238D3}.Debug|Any CPU.ActiveCfg = Debug|Any CPU
		{C0C0CCE4-5B21-4174-A833-C799D55238D3}.Debug|Any CPU.Build.0 = Debug|Any CPU
		{C0C0CCE4-5B21-4174-A833-C799D55238D3}.Release|Any CPU.ActiveCfg = Release|Any CPU
		{C0C0CCE4-5B21-4174-A833-C799D55238D3}.Release|Any CPU.Build.0 = Release|Any CPU
		{23C53B01-8727-4D6A-917D-4B110457DC47}.Debug|Any CPU.ActiveCfg = Debug|Any CPU
		{23C53B01-8727-4D6A-917D-4B110457DC47}.Debug|Any CPU.Build.0 = Debug|Any CPU
		{23C53B01-8727-4D6A-917D-4B110457DC47}.Release|Any CPU.ActiveCfg = Release|Any CPU
		{23C53B01-8727-4D6A-917D-4B110457DC47}.Release|Any CPU.Build.0 = Release|Any CPU
		{EF652525-82B2-4ED6-A8A2-7AA8EE00FD19}.Debug|Any CPU.ActiveCfg = Debug|Any CPU
		{EF652525-82B2-4ED6-A8A2-7AA8EE00FD19}.Debug|Any CPU.Build.0 = Debug|Any CPU
		{EF652525-82B2-4ED6-A8A2-7AA8EE00FD19}.Release|Any CPU.ActiveCfg = Release|Any CPU
		{EF652525-82B2-4ED6-A8A2-7AA8EE00FD19}.Release|Any CPU.Build.0 = Release|Any CPU
		{D7A604A4-B0C3-446D-B585-07BFE3293BE1}.Debug|Any CPU.ActiveCfg = Debug|Any CPU
		{D7A604A4-B0C3-446D-B585-07BFE3293BE1}.Debug|Any CPU.Build.0 = Debug|Any CPU
		{D7A604A4-B0C3-446D-B585-07BFE3293BE1}.Release|Any CPU.ActiveCfg = Release|Any CPU
		{D7A604A4-B0C3-446D-B585-07BFE3293BE1}.Release|Any CPU.Build.0 = Release|Any CPU
		{EA9148B7-2A03-4481-8168-99FFCD44528D}.Debug|Any CPU.ActiveCfg = Debug|Any CPU
		{EA9148B7-2A03-4481-8168-99FFCD44528D}.Debug|Any CPU.Build.0 = Debug|Any CPU
		{EA9148B7-2A03-4481-8168-99FFCD44528D}.Release|Any CPU.ActiveCfg = Release|Any CPU
		{EA9148B7-2A03-4481-8168-99FFCD44528D}.Release|Any CPU.Build.0 = Release|Any CPU
		{168EB1C2-4A3F-4A19-910F-A96F40D2FD42}.Debug|Any CPU.ActiveCfg = Debug|Any CPU
		{168EB1C2-4A3F-4A19-910F-A96F40D2FD42}.Debug|Any CPU.Build.0 = Debug|Any CPU
		{168EB1C2-4A3F-4A19-910F-A96F40D2FD42}.Release|Any CPU.ActiveCfg = Release|Any CPU
		{168EB1C2-4A3F-4A19-910F-A96F40D2FD42}.Release|Any CPU.Build.0 = Release|Any CPU
		{B47054D4-A965-4EC7-8F10-4104677A159F}.Debug|Any CPU.ActiveCfg = Debug|Any CPU
		{B47054D4-A965-4EC7-8F10-4104677A159F}.Debug|Any CPU.Build.0 = Debug|Any CPU
		{B47054D4-A965-4EC7-8F10-4104677A159F}.Release|Any CPU.ActiveCfg = Release|Any CPU
		{B47054D4-A965-4EC7-8F10-4104677A159F}.Release|Any CPU.Build.0 = Release|Any CPU
		{CF94A4D7-0239-4A8E-824C-A6E28E45881F}.Debug|Any CPU.ActiveCfg = Debug|Any CPU
		{CF94A4D7-0239-4A8E-824C-A6E28E45881F}.Debug|Any CPU.Build.0 = Debug|Any CPU
		{CF94A4D7-0239-4A8E-824C-A6E28E45881F}.Release|Any CPU.ActiveCfg = Release|Any CPU
		{CF94A4D7-0239-4A8E-824C-A6E28E45881F}.Release|Any CPU.Build.0 = Release|Any CPU
		{3FA87A0B-02F9-44CC-A159-D8B182D8E320}.Debug|Any CPU.ActiveCfg = Debug|Any CPU
		{3FA87A0B-02F9-44CC-A159-D8B182D8E320}.Debug|Any CPU.Build.0 = Debug|Any CPU
		{3FA87A0B-02F9-44CC-A159-D8B182D8E320}.Release|Any CPU.ActiveCfg = Release|Any CPU
		{3FA87A0B-02F9-44CC-A159-D8B182D8E320}.Release|Any CPU.Build.0 = Release|Any CPU
		{A2769E48-89EF-4943-9789-05DC126DF7FD}.Debug|Any CPU.ActiveCfg = Debug|Any CPU
		{A2769E48-89EF-4943-9789-05DC126DF7FD}.Debug|Any CPU.Build.0 = Debug|Any CPU
		{A2769E48-89EF-4943-9789-05DC126DF7FD}.Release|Any CPU.ActiveCfg = Release|Any CPU
		{A2769E48-89EF-4943-9789-05DC126DF7FD}.Release|Any CPU.Build.0 = Release|Any CPU
		{AA945B6A-5BCB-46A9-B9CD-2B4C1A912BD7}.Debug|Any CPU.ActiveCfg = Debug|Any CPU
		{AA945B6A-5BCB-46A9-B9CD-2B4C1A912BD7}.Debug|Any CPU.Build.0 = Debug|Any CPU
		{AA945B6A-5BCB-46A9-B9CD-2B4C1A912BD7}.Release|Any CPU.ActiveCfg = Release|Any CPU
		{AA945B6A-5BCB-46A9-B9CD-2B4C1A912BD7}.Release|Any CPU.Build.0 = Release|Any CPU
		{F1C19DEA-AF0A-4118-97E4-D911A7A475D2}.Debug|Any CPU.ActiveCfg = Debug|Any CPU
		{F1C19DEA-AF0A-4118-97E4-D911A7A475D2}.Debug|Any CPU.Build.0 = Debug|Any CPU
		{F1C19DEA-AF0A-4118-97E4-D911A7A475D2}.Release|Any CPU.ActiveCfg = Release|Any CPU
		{F1C19DEA-AF0A-4118-97E4-D911A7A475D2}.Release|Any CPU.Build.0 = Release|Any CPU
	EndGlobalSection
	GlobalSection(SolutionProperties) = preSolution
		HideSolutionNode = FALSE
	EndGlobalSection
	GlobalSection(NestedProjects) = preSolution
		{75EB67ED-CF4C-45B9-A8D1-13EAB2AAE419} = {F8E14D53-897E-49B5-92B6-3E0D5BABDBEE}
		{C0C0CCE4-5B21-4174-A833-C799D55238D3} = {75EB67ED-CF4C-45B9-A8D1-13EAB2AAE419}
		{BB6B4FC2-D387-49F1-BA01-EE3F6466B835} = {F8E14D53-897E-49B5-92B6-3E0D5BABDBEE}
		{11787939-07CF-4A67-A742-99C5237D5B7F} = {F8E14D53-897E-49B5-92B6-3E0D5BABDBEE}
		{EF652525-82B2-4ED6-A8A2-7AA8EE00FD19} = {F8E14D53-897E-49B5-92B6-3E0D5BABDBEE}
		{D7A604A4-B0C3-446D-B585-07BFE3293BE1} = {BB6B4FC2-D387-49F1-BA01-EE3F6466B835}
		{EA9148B7-2A03-4481-8168-99FFCD44528D} = {BB6B4FC2-D387-49F1-BA01-EE3F6466B835}
		{168EB1C2-4A3F-4A19-910F-A96F40D2FD42} = {11787939-07CF-4A67-A742-99C5237D5B7F}
		{B47054D4-A965-4EC7-8F10-4104677A159F} = {11787939-07CF-4A67-A742-99C5237D5B7F}
		{CF94A4D7-0239-4A8E-824C-A6E28E45881F} = {75EB67ED-CF4C-45B9-A8D1-13EAB2AAE419}
		{D91C7711-C96B-4B63-9481-F2B03B9D0A8A} = {F8E14D53-897E-49B5-92B6-3E0D5BABDBEE}
		{47143A1C-B55E-4E3A-8279-34D64D68E5EA} = {F8E14D53-897E-49B5-92B6-3E0D5BABDBEE}
		{3FA87A0B-02F9-44CC-A159-D8B182D8E320} = {D91C7711-C96B-4B63-9481-F2B03B9D0A8A}
		{A2769E48-89EF-4943-9789-05DC126DF7FD} = {D91C7711-C96B-4B63-9481-F2B03B9D0A8A}
		{AA945B6A-5BCB-46A9-B9CD-2B4C1A912BD7} = {47143A1C-B55E-4E3A-8279-34D64D68E5EA}
		{F1C19DEA-AF0A-4118-97E4-D911A7A475D2} = {47143A1C-B55E-4E3A-8279-34D64D68E5EA}
	EndGlobalSection
	GlobalSection(ExtensibilityGlobals) = postSolution
		SolutionGuid = {569B0FC2-3509-41B9-B4E9-E0AE849AACAA}
	EndGlobalSection
EndGlobal
